
Microsoft Visual Studio Solution File, Format Version 12.00
# Visual Studio Version 16
VisualStudioVersion = 16.0.28803.352
MinimumVisualStudioVersion = 10.0.40219.1
Project("{FAE04EC0-301F-11D3-BF4B-00C04F79EFBC}") = "ProjektSklepPO", "ProjektSklepPO\ProjektSklepPO.csproj", "{6F245D2F-101E-429C-ADED-130B4A04C0F9}"
EndProject
Global
	GlobalSection(SolutionConfigurationPlatforms) = preSolution
		Debug|Any CPU = Debug|Any CPU
		Release|Any CPU = Release|Any CPU
	EndGlobalSection
	GlobalSection(ProjectConfigurationPlatforms) = postSolution
		{6F245D2F-101E-429C-ADED-130B4A04C0F9}.Debug|Any CPU.ActiveCfg = Debug|Any CPU
		{6F245D2F-101E-429C-ADED-130B4A04C0F9}.Debug|Any CPU.Build.0 = Debug|Any CPU
		{6F245D2F-101E-429C-ADED-130B4A04C0F9}.Release|Any CPU.ActiveCfg = Release|Any CPU
		{6F245D2F-101E-429C-ADED-130B4A04C0F9}.Release|Any CPU.Build.0 = Release|Any CPU
	EndGlobalSection
	GlobalSection(SolutionProperties) = preSolution
		HideSolutionNode = FALSE
	EndGlobalSection
	GlobalSection(ExtensibilityGlobals) = postSolution
		SolutionGuid = {CD7559F3-0433-498B-9F57-CC94022A80B9}
	EndGlobalSection
EndGlobal
